
Microsoft Visual Studio Solution File, Format Version 12.00
# Visual Studio Version 16
VisualStudioVersion = 16.0.31624.102
MinimumVisualStudioVersion = 10.0.40219.1
Project("{FAE04EC0-301F-11D3-BF4B-00C04F79EFBC}") = "pasaparola", "pasaparola\pasaparola.csproj", "{275ACCD7-B0F4-4112-9758-9E3E670DC6F7}"
EndProject
Global
	GlobalSection(SolutionConfigurationPlatforms) = preSolution
		Debug|Any CPU = Debug|Any CPU
		Release|Any CPU = Release|Any CPU
	EndGlobalSection
	GlobalSection(ProjectConfigurationPlatforms) = postSolution
		{275ACCD7-B0F4-4112-9758-9E3E670DC6F7}.Debug|Any CPU.ActiveCfg = Debug|Any CPU
		{275ACCD7-B0F4-4112-9758-9E3E670DC6F7}.Debug|Any CPU.Build.0 = Debug|Any CPU
		{275ACCD7-B0F4-4112-9758-9E3E670DC6F7}.Release|Any CPU.ActiveCfg = Release|Any CPU
		{275ACCD7-B0F4-4112-9758-9E3E670DC6F7}.Release|Any CPU.Build.0 = Release|Any CPU
	EndGlobalSection
	GlobalSection(SolutionProperties) = preSolution
		HideSolutionNode = FALSE
	EndGlobalSection
	GlobalSection(ExtensibilityGlobals) = postSolution
		SolutionGuid = {BBB5632E-AF7C-42EB-A121-24822E4B92DC}
	EndGlobalSection
EndGlobal
